<?xml version="1.0" encoding="utf-8"?>
<Project ToolsVersion="4.0" xmlns="http://schemas.microsoft.com/developer/msbuild/2003">
  <ItemGroup>
    <Filter Include="Source Files">
      <UniqueIdentifier>{4FC737F1-C7A5-4376-A066-2A32D752A2FF}</UniqueIdentifier>
      <Extensions>cpp;c;cc;cxx;def;odl;idl;hpj;bat;asm;asmx</Extensions>
    </Filter>
    <Filter Include="Header Files">
      <UniqueIdentifier>{93995380-89BD-4b04-88EB-625FBE52EBFB}</UniqueIdentifier>
      <Extensions>h;hh;hpp;hxx;hm;inl;inc;xsd</Extensions>
    </Filter>
    <Filter Include="Resource Files">
      <UniqueIdentifier>{67DA6AB6-F800-4c08-8B7A-83BB121AAD01}</UniqueIdentifier>
      <Extensions>rc;ico;cur;bmp;dlg;rc2;rct;bin;rgs;gif;jpg;jpeg;jpe;resx;tiff;tif;png;wav;mfcribbon-ms</Extensions>
    </Filter>
    <Filter Include="Resource Files\Global Resources">
      <UniqueIdentifier>{e3ef7c3c-6323-42ee-b552-97a18db91bd3}</UniqueIdentifier>
    </Filter>
    <Filter Include="System">
      <UniqueIdentifier>{0bfcee05-5628-44cd-a443-c39e91f8413d}</UniqueIdentifier>
    </Filter>
    <Filter Include="System\Entity">
      <UniqueIdentifier>{ae68995b-57de-4b1b-bef5-619a834462ea}</UniqueIdentifier>
    </Filter>
    <Filter Include="System\Shader Loader">
      <UniqueIdentifier>{8f16742e-8215-4631-a70e-149a9c16c8c9}</UniqueIdentifier>
    </Filter>
    <Filter Include="System\Game Manager">
      <UniqueIdentifier>{acea45ca-ae11-4905-9760-4f205ef9e7c8}</UniqueIdentifier>
    </Filter>
    <Filter Include="System\Camera">
      <UniqueIdentifier>{344f916a-5aa3-4c93-82a3-8ab0131e3a4d}</UniqueIdentifier>
    </Filter>
    <Filter Include="System\Input Manager">
      <UniqueIdentifier>{2d72e6a4-dad0-4c6f-b55b-1879e6c9b85b}</UniqueIdentifier>
    </Filter>
    <Filter Include="System\Sound Manager">
      <UniqueIdentifier>{15c9c88d-6473-4fcb-8b87-42fe73aef137}</UniqueIdentifier>
    </Filter>
    <Filter Include="System\Mesh">
      <UniqueIdentifier>{7feac014-c878-402f-a124-1785d3573dd8}</UniqueIdentifier>
    </Filter>
    <Filter Include="System\Cubemap">
      <UniqueIdentifier>{ef5ff924-48e0-488d-9313-96f09385d3d1}</UniqueIdentifier>
    </Filter>
    <Filter Include="System\Clock">
      <UniqueIdentifier>{479845cc-b492-45fe-911f-08b5e535b85f}</UniqueIdentifier>
    </Filter>
    <Filter Include="System\Autonomous Agents">
      <UniqueIdentifier>{c029769e-1725-4040-a6e5-83c8d4ba266c}</UniqueIdentifier>
    </Filter>
    <Filter Include="System\Text">
      <UniqueIdentifier>{92cd2d52-c10e-48eb-8822-86fedaa28ce3}</UniqueIdentifier>
    </Filter>
    <Filter Include="System\Menu">
      <UniqueIdentifier>{96d70541-f74e-46ad-92c6-c6ee7247879d}</UniqueIdentifier>
    </Filter>
    <Filter Include="System\Network System">
      <UniqueIdentifier>{8feb4b62-a06f-4ac6-a8a2-a4cbc40cb478}</UniqueIdentifier>
    </Filter>
    <Filter Include="System\Network System\Socket">
      <UniqueIdentifier>{e49ed657-10b4-4f99-b190-f6580609b086}</UniqueIdentifier>
    </Filter>
    <Filter Include="System\Network System\Network">
      <UniqueIdentifier>{9ded88d6-cc6b-457a-82cb-d1a7af967c5d}</UniqueIdentifier>
    </Filter>
    <Filter Include="System\Network System\Client">
      <UniqueIdentifier>{17b2b3fd-5875-41e8-860e-a2ecc18d6dd4}</UniqueIdentifier>
    </Filter>
    <Filter Include="System\Network System\Server">
      <UniqueIdentifier>{823f7efb-d351-4a93-a8c4-888ff7eddbd1}</UniqueIdentifier>
    </Filter>
  </ItemGroup>
  <ItemGroup>
    <ClCompile Include="Source.cpp">
      <Filter>Source Files</Filter>
    </ClCompile>
    <ClCompile Include="Entity.cpp">
      <Filter>System\Entity</Filter>
    </ClCompile>
    <ClCompile Include="ShaderLoader.cpp">
      <Filter>System\Shader Loader</Filter>
    </ClCompile>
    <ClCompile Include="GameManager.cpp">
      <Filter>System\Game Manager</Filter>
    </ClCompile>
    <ClCompile Include="SoundManager.cpp">
      <Filter>System\Sound Manager</Filter>
    </ClCompile>
    <ClCompile Include="InputManager.cpp">
      <Filter>System\Input Manager</Filter>
    </ClCompile>
    <ClCompile Include="Camera.cpp">
      <Filter>System\Camera</Filter>
    </ClCompile>
    <ClCompile Include="CubeMap.cpp">
      <Filter>System\Cubemap</Filter>
    </ClCompile>
    <ClCompile Include="EntityManager.cpp">
      <Filter>System\Entity</Filter>
    </ClCompile>
    <ClCompile Include="Clock.cpp">
      <Filter>System\Clock</Filter>
    </ClCompile>
    <ClCompile Include="AutonomousMove.cpp">
      <Filter>System\Autonomous Agents</Filter>
    </ClCompile>
    <ClCompile Include="Text.cpp">
      <Filter>System\Text</Filter>
    </ClCompile>
    <ClCompile Include="Menu.cpp">
      <Filter>System\Menu</Filter>
    </ClCompile>
    <ClCompile Include="Socket.cpp">
      <Filter>System\Network System\Socket</Filter>
    </ClCompile>
    <ClCompile Include="Network.cpp">
      <Filter>System\Network System\Network</Filter>
    </ClCompile>
    <ClCompile Include="Client.cpp">
      <Filter>System\Network System\Client</Filter>
    </ClCompile>
    <ClCompile Include="Server.cpp">
      <Filter>System\Network System\Server</Filter>
    </ClCompile>
    <ClCompile Include="ServerManager.cpp">
      <Filter>System\Network System</Filter>
    </ClCompile>
  </ItemGroup>
  <ItemGroup>
    <ClInclude Include="Resource.h">
      <Filter>Resource Files\Global Resources</Filter>
    </ClInclude>
    <ClInclude Include="Entity.h">
      <Filter>System\Entity</Filter>
    </ClInclude>
    <ClInclude Include="GameManager.h">
      <Filter>System\Game Manager</Filter>
    </ClInclude>
    <ClInclude Include="ShaderLoader.h">
      <Filter>System\Shader Loader</Filter>
    </ClInclude>
    <ClInclude Include="SoundManager.h">
      <Filter>System\Sound Manager</Filter>
    </ClInclude>
    <ClInclude Include="InputManager.h">
      <Filter>System\Input Manager</Filter>
    </ClInclude>
    <ClInclude Include="Camera.h">
      <Filter>System\Camera</Filter>
    </ClInclude>
    <ClInclude Include="CubeMap.h">
      <Filter>System\Cubemap</Filter>
    </ClInclude>
    <ClInclude Include="EntityManager.h">
      <Filter>System\Entity</Filter>
    </ClInclude>
    <ClInclude Include="Model.h">
      <Filter>System\Mesh</Filter>
    </ClInclude>
    <ClInclude Include="ModelMesh.h">
      <Filter>System\Mesh</Filter>
    </ClInclude>
    <ClInclude Include="Clock.h">
      <Filter>System\Clock</Filter>
    </ClInclude>
    <ClInclude Include="AutonomousMove.h">
      <Filter>System\Autonomous Agents</Filter>
    </ClInclude>
    <ClInclude Include="Text.h">
      <Filter>System\Text</Filter>
    </ClInclude>
    <ClInclude Include="Menu.h">
      <Filter>System\Menu</Filter>
    </ClInclude>
    <ClInclude Include="WorkQueue.h">
      <Filter>System\Network System</Filter>
    </ClInclude>
    <ClInclude Include="Socket.h">
      <Filter>System\Network System\Socket</Filter>
    </ClInclude>
    <ClInclude Include="Network.h">
      <Filter>System\Network System\Network</Filter>
    </ClInclude>
    <ClInclude Include="Client.h">
      <Filter>System\Network System\Client</Filter>
    </ClInclude>
    <ClInclude Include="Server.h">
      <Filter>System\Network System\Server</Filter>
    </ClInclude>
    <ClInclude Include="NetworkEntity.h">
      <Filter>System\Network System</Filter>
    </ClInclude>
    <ClInclude Include="ServerManager.h">
      <Filter>System\Network System</Filter>
    </ClInclude>
  </ItemGroup>
</Project>