<?xml version="1.0" encoding="utf-8"?>
<Project ToolsVersion="4.0" xmlns="http://schemas.microsoft.com/developer/msbuild/2003">
  <ItemGroup>
    <Filter Include="Source Files">
      <UniqueIdentifier>{4FC737F1-C7A5-4376-A066-2A32D752A2FF}</UniqueIdentifier>
      <Extensions>cpp;c;cc;cxx;def;odl;idl;hpj;bat;asm;asmx</Extensions>
    </Filter>
    <Filter Include="Header Files">
      <UniqueIdentifier>{93995380-89BD-4b04-88EB-625FBE52EBFB}</UniqueIdentifier>
      <Extensions>h;hh;hpp;hxx;hm;inl;inc;xsd</Extensions>
    </Filter>
    <Filter Include="Resource Files">
      <UniqueIdentifier>{67DA6AB6-F800-4c08-8B7A-83BB121AAD01}</UniqueIdentifier>
      <Extensions>rc;ico;cur;bmp;dlg;rc2;rct;bin;rgs;gif;jpg;jpeg;jpe;resx;tiff;tif;png;wav;mfcribbon-ms</Extensions>
    </Filter>
    <Filter Include="Resource Files\Global Resources">
      <UniqueIdentifier>{e3ef7c3c-6323-42ee-b552-97a18db91bd3}</UniqueIdentifier>
    </Filter>
    <Filter Include="System">
      <UniqueIdentifier>{0bfcee05-5628-44cd-a443-c39e91f8413d}</UniqueIdentifier>
    </Filter>
    <Filter Include="System\Entity">
      <UniqueIdentifier>{ae68995b-57de-4b1b-bef5-619a834462ea}</UniqueIdentifier>
    </Filter>
    <Filter Include="System\Shader Loader">
      <UniqueIdentifier>{8f16742e-8215-4631-a70e-149a9c16c8c9}</UniqueIdentifier>
    </Filter>
    <Filter Include="System\Game Manager">
      <UniqueIdentifier>{acea45ca-ae11-4905-9760-4f205ef9e7c8}</UniqueIdentifier>
    </Filter>
    <Filter Include="System\Camera">
      <UniqueIdentifier>{344f916a-5aa3-4c93-82a3-8ab0131e3a4d}</UniqueIdentifier>
    </Filter>
    <Filter Include="System\Input Manager">
      <UniqueIdentifier>{2d72e6a4-dad0-4c6f-b55b-1879e6c9b85b}</UniqueIdentifier>
    </Filter>
    <Filter Include="System\Sound Manager">
      <UniqueIdentifier>{15c9c88d-6473-4fcb-8b87-42fe73aef137}</UniqueIdentifier>
    </Filter>
    <Filter Include="System\Mesh">
      <UniqueIdentifier>{7feac014-c878-402f-a124-1785d3573dd8}</UniqueIdentifier>
    </Filter>
    <Filter Include="System\Cubemap">
      <UniqueIdentifier>{ef5ff924-48e0-488d-9313-96f09385d3d1}</UniqueIdentifier>
    </Filter>
  </ItemGroup>
  <ItemGroup>
    <ClCompile Include="Source.cpp">
      <Filter>Source Files</Filter>
    </ClCompile>
    <ClCompile Include="Resource.cpp">
      <Filter>Resource Files\Global Resources</Filter>
    </ClCompile>
    <ClCompile Include="Entity.cpp">
      <Filter>System\Entity</Filter>
    </ClCompile>
    <ClCompile Include="ShaderLoader.cpp">
      <Filter>System\Shader Loader</Filter>
    </ClCompile>
    <ClCompile Include="GameManager.cpp">
      <Filter>System\Game Manager</Filter>
    </ClCompile>
    <ClCompile Include="SoundManager.cpp">
      <Filter>System\Sound Manager</Filter>
    </ClCompile>
    <ClCompile Include="InputManager.cpp">
      <Filter>System\Input Manager</Filter>
    </ClCompile>
    <ClCompile Include="Camera.cpp">
      <Filter>System\Camera</Filter>
    </ClCompile>
    <ClCompile Include="CubeMap.cpp">
      <Filter>System\Cubemap</Filter>
    </ClCompile>
    <ClCompile Include="EntityManager.cpp">
      <Filter>System\Entity</Filter>
    </ClCompile>
  </ItemGroup>
  <ItemGroup>
    <ClInclude Include="Resource.h">
      <Filter>Resource Files\Global Resources</Filter>
    </ClInclude>
    <ClInclude Include="Entity.h">
      <Filter>System\Entity</Filter>
    </ClInclude>
    <ClInclude Include="GameManager.h">
      <Filter>System\Game Manager</Filter>
    </ClInclude>
    <ClInclude Include="ShaderLoader.h">
      <Filter>System\Shader Loader</Filter>
    </ClInclude>
    <ClInclude Include="SoundManager.h">
      <Filter>System\Sound Manager</Filter>
    </ClInclude>
    <ClInclude Include="InputManager.h">
      <Filter>System\Input Manager</Filter>
    </ClInclude>
    <ClInclude Include="Camera.h">
      <Filter>System\Camera</Filter>
    </ClInclude>
    <ClInclude Include="Mesh.h">
      <Filter>System\Mesh</Filter>
    </ClInclude>
    <ClInclude Include="CubeMap.h">
      <Filter>System\Cubemap</Filter>
    </ClInclude>
    <ClInclude Include="EntityManager.h">
      <Filter>System\Entity</Filter>
    </ClInclude>
  </ItemGroup>
</Project>